
Microsoft Visual Studio Solution File, Format Version 12.00
# Visual Studio 15
VisualStudioVersion = 15.0.28307.136
MinimumVisualStudioVersion = 10.0.40219.1
Project("{FAE04EC0-301F-11D3-BF4B-00C04F79EFBC}") = "RestSharpDemo", "RestSharpDemo\RestSharpDemo.csproj", "{ED380B5D-5F38-4461-BF7F-C0493CF3A54D}"
EndProject
Global
	GlobalSection(SolutionConfigurationPlatforms) = preSolution
		Debug|Any CPU = Debug|Any CPU
		Release|Any CPU = Release|Any CPU
	EndGlobalSection
	GlobalSection(ProjectConfigurationPlatforms) = postSolution
		{ED380B5D-5F38-4461-BF7F-C0493CF3A54D}.Debug|Any CPU.ActiveCfg = Debug|Any CPU
		{ED380B5D-5F38-4461-BF7F-C0493CF3A54D}.Debug|Any CPU.Build.0 = Debug|Any CPU
		{ED380B5D-5F38-4461-BF7F-C0493CF3A54D}.Release|Any CPU.ActiveCfg = Release|Any CPU
		{ED380B5D-5F38-4461-BF7F-C0493CF3A54D}.Release|Any CPU.Build.0 = Release|Any CPU
	EndGlobalSection
	GlobalSection(SolutionProperties) = preSolution
		HideSolutionNode = FALSE
	EndGlobalSection
	GlobalSection(ExtensibilityGlobals) = postSolution
		SolutionGuid = {879D5ECA-290F-4395-B7B7-C161FD00D9F1}
	EndGlobalSection
EndGlobal
